// !$*UTF8*$!
{
	archiveVersion = 1;
	classes = {
	};
	objectVersion = 55;
	objects = {

/* Begin PBXBuildFile section */
		93E8AA682C888F4199253A9B /* Pods_CryptoStar.framework in Frameworks */ = {isa = PBXBuildFile; fileRef = 3BBFC6DB7D056556EC576339 /* Pods_CryptoStar.framework */; };
		B431DE5F283B366C00CB5EB6 /* UIButton.swift in Sources */ = {isa = PBXBuildFile; fileRef = B431DE5E283B366C00CB5EB6 /* UIButton.swift */; };
		B431DE61283B5EBD00CB5EB6 /* Helper.swift in Sources */ = {isa = PBXBuildFile; fileRef = B431DE60283B5EBD00CB5EB6 /* Helper.swift */; };
		B431DE63283B831900CB5EB6 /* BaseNibView.swift in Sources */ = {isa = PBXBuildFile; fileRef = B431DE62283B831900CB5EB6 /* BaseNibView.swift */; };
		B431DE67283BBE0200CB5EB6 /* CreateAccountViewController.swift in Sources */ = {isa = PBXBuildFile; fileRef = B431DE65283BBE0200CB5EB6 /* CreateAccountViewController.swift */; };
		B431DE68283BBE0200CB5EB6 /* CreateAccountViewController.xib in Resources */ = {isa = PBXBuildFile; fileRef = B431DE66283BBE0200CB5EB6 /* CreateAccountViewController.xib */; };
		B431DE6E283C674C00CB5EB6 /* HomeViewController.swift in Sources */ = {isa = PBXBuildFile; fileRef = B431DE6C283C674C00CB5EB6 /* HomeViewController.swift */; };
		B431DE6F283C674C00CB5EB6 /* HomeViewController.xib in Resources */ = {isa = PBXBuildFile; fileRef = B431DE6D283C674C00CB5EB6 /* HomeViewController.xib */; };
		B431DE72283C675C00CB5EB6 /* ChartsViewController.swift in Sources */ = {isa = PBXBuildFile; fileRef = B431DE70283C675C00CB5EB6 /* ChartsViewController.swift */; };
		B431DE73283C675C00CB5EB6 /* ChartsViewController.xib in Resources */ = {isa = PBXBuildFile; fileRef = B431DE71283C675C00CB5EB6 /* ChartsViewController.xib */; };
		B431DE76283C677000CB5EB6 /* SettingViewController.swift in Sources */ = {isa = PBXBuildFile; fileRef = B431DE74283C677000CB5EB6 /* SettingViewController.swift */; };
		B431DE77283C677000CB5EB6 /* SettingViewController.xib in Resources */ = {isa = PBXBuildFile; fileRef = B431DE75283C677000CB5EB6 /* SettingViewController.xib */; };
		B431DE79283C680D00CB5EB6 /* CustomTabBarView.swift in Sources */ = {isa = PBXBuildFile; fileRef = B431DE78283C680D00CB5EB6 /* CustomTabBarView.swift */; };
		B431DE7C283C683600CB5EB6 /* CustomTabBarView.xib in Resources */ = {isa = PBXBuildFile; fileRef = B431DE7B283C683600CB5EB6 /* CustomTabBarView.xib */; };
		B431DE7E283C884600CB5EB6 /* UIView.swift in Sources */ = {isa = PBXBuildFile; fileRef = B431DE7D283C884600CB5EB6 /* UIView.swift */; };
		B431DE81283DBF4200CB5EB6 /* TitleTabBarView.swift in Sources */ = {isa = PBXBuildFile; fileRef = B431DE80283DBF4200CB5EB6 /* TitleTabBarView.swift */; };
		B431DE83283DBF5700CB5EB6 /* TitleTabBarView.xib in Resources */ = {isa = PBXBuildFile; fileRef = B431DE82283DBF5700CB5EB6 /* TitleTabBarView.xib */; };
		B431DE8B283E1F6900CB5EB6 /* CoinPriceCell.swift in Sources */ = {isa = PBXBuildFile; fileRef = B431DE89283E1F6900CB5EB6 /* CoinPriceCell.swift */; };
		B431DE8C283E1F6900CB5EB6 /* CoinPriceCell.xib in Resources */ = {isa = PBXBuildFile; fileRef = B431DE8A283E1F6900CB5EB6 /* CoinPriceCell.xib */; };
		B431DE95283E652200CB5EB6 /* MainViewController.swift in Sources */ = {isa = PBXBuildFile; fileRef = B431DE93283E652200CB5EB6 /* MainViewController.swift */; };
		B431DE96283E652200CB5EB6 /* MainViewController.xib in Resources */ = {isa = PBXBuildFile; fileRef = B431DE94283E652200CB5EB6 /* MainViewController.xib */; };
		B43E976D2835D5F900F47ADF /* AppDelegate.swift in Sources */ = {isa = PBXBuildFile; fileRef = B43E976C2835D5F900F47ADF /* AppDelegate.swift */; };
		B43E976F2835D5F900F47ADF /* SceneDelegate.swift in Sources */ = {isa = PBXBuildFile; fileRef = B43E976E2835D5F900F47ADF /* SceneDelegate.swift */; };
		B43E97772835D5F900F47ADF /* CryptoStar.xcdatamodeld in Sources */ = {isa = PBXBuildFile; fileRef = B43E97752835D5F900F47ADF /* CryptoStar.xcdatamodeld */; };
		B43E97792835D5FD00F47ADF /* Assets.xcassets in Resources */ = {isa = PBXBuildFile; fileRef = B43E97782835D5FD00F47ADF /* Assets.xcassets */; };
		B43E977C2835D5FD00F47ADF /* LaunchScreen.storyboard in Resources */ = {isa = PBXBuildFile; fileRef = B43E977A2835D5FD00F47ADF /* LaunchScreen.storyboard */; };
		B43E97932835E57500F47ADF /* UIColor.swift in Sources */ = {isa = PBXBuildFile; fileRef = B43E97922835E57500F47ADF /* UIColor.swift */; };
		B43E97952835E59B00F47ADF /* Enum.swift in Sources */ = {isa = PBXBuildFile; fileRef = B43E97942835E59B00F47ADF /* Enum.swift */; };
		B43E979A2835E92300F47ADF /* NSObject.swift in Sources */ = {isa = PBXBuildFile; fileRef = B43E97992835E92300F47ADF /* NSObject.swift */; };
		B43E979C2835E96600F47ADF /* UIViewController.swift in Sources */ = {isa = PBXBuildFile; fileRef = B43E979B2835E96600F47ADF /* UIViewController.swift */; };
		B43E979E2835E9C800F47ADF /* UITableView.swift in Sources */ = {isa = PBXBuildFile; fileRef = B43E979D2835E9C800F47ADF /* UITableView.swift */; };
		B43E97A12835EACC00F47ADF /* BaseViewController.swift in Sources */ = {isa = PBXBuildFile; fileRef = B43E97A02835EACC00F47ADF /* BaseViewController.swift */; };
		B43E97A32835ED5500F47ADF /* BaseTabBarController.swift in Sources */ = {isa = PBXBuildFile; fileRef = B43E97A22835ED5500F47ADF /* BaseTabBarController.swift */; };
		B43E97A52835EEA900F47ADF /* BaseNavigationController.swift in Sources */ = {isa = PBXBuildFile; fileRef = B43E97A42835EEA900F47ADF /* BaseNavigationController.swift */; };
		B43E97A82835EF4F00F47ADF /* WelcomeViewController.swift in Sources */ = {isa = PBXBuildFile; fileRef = B43E97A62835EF4F00F47ADF /* WelcomeViewController.swift */; };
		B43E97AF2835FA1300F47ADF /* UIFont.swift in Sources */ = {isa = PBXBuildFile; fileRef = B43E97AE2835FA1300F47ADF /* UIFont.swift */; };
		B45D7632283F125E0009C7DF /* AuthManager.swift in Sources */ = {isa = PBXBuildFile; fileRef = B45D7631283F125E0009C7DF /* AuthManager.swift */; };
		B49C211028361B0300D4FCEE /* Ratio.swift in Sources */ = {isa = PBXBuildFile; fileRef = B49C210F28361B0300D4FCEE /* Ratio.swift */; };
		B49C211628362E1300D4FCEE /* SF-Pro-Display-Regular.otf in Resources */ = {isa = PBXBuildFile; fileRef = B49C211228362E1300D4FCEE /* SF-Pro-Display-Regular.otf */; };
		B49C211728362E1300D4FCEE /* SF-Pro-Display-Bold.otf in Resources */ = {isa = PBXBuildFile; fileRef = B49C211328362E1300D4FCEE /* SF-Pro-Display-Bold.otf */; };
		B49C211828362E1300D4FCEE /* SF-Pro-Display-Medium.otf in Resources */ = {isa = PBXBuildFile; fileRef = B49C211428362E1300D4FCEE /* SF-Pro-Display-Medium.otf */; };
		B49C211928362E1300D4FCEE /* SF-Pro-Display-Semibold.otf in Resources */ = {isa = PBXBuildFile; fileRef = B49C211528362E1300D4FCEE /* SF-Pro-Display-Semibold.otf */; };
		B4ADA01328364258007D320E /* WelcomeViewController.xib in Resources */ = {isa = PBXBuildFile; fileRef = B4ADA01228364258007D320E /* WelcomeViewController.xib */; };
		B4ADA01728364CA0007D320E /* DataInputView.xib in Resources */ = {isa = PBXBuildFile; fileRef = B4ADA01628364CA0007D320E /* DataInputView.xib */; };
		B4ADA01C28364E18007D320E /* DataInputView.swift in Sources */ = {isa = PBXBuildFile; fileRef = B4ADA01B28364E18007D320E /* DataInputView.swift */; };
		B4ADA02028367234007D320E /* LoginPhoneViewController.swift in Sources */ = {isa = PBXBuildFile; fileRef = B4ADA01E28367234007D320E /* LoginPhoneViewController.swift */; };
		B4ADA02128367234007D320E /* LoginPhoneViewController.xib in Resources */ = {isa = PBXBuildFile; fileRef = B4ADA01F28367234007D320E /* LoginPhoneViewController.xib */; };
		B4ADA02528378FE9007D320E /* Int.swift in Sources */ = {isa = PBXBuildFile; fileRef = B4ADA02428378FE9007D320E /* Int.swift */; };
		B4ADA02A2837951E007D320E /* FloatingPoint.swift in Sources */ = {isa = PBXBuildFile; fileRef = B4ADA0292837951E007D320E /* FloatingPoint.swift */; };
		B4ADA02C28379579007D320E /* CustomNavigationBarView.xib in Resources */ = {isa = PBXBuildFile; fileRef = B4ADA02B28379579007D320E /* CustomNavigationBarView.xib */; };
		B4ADA02E28379593007D320E /* CustomNavigationBarView.swift in Sources */ = {isa = PBXBuildFile; fileRef = B4ADA02D28379593007D320E /* CustomNavigationBarView.swift */; };
		B4ADA030283A414F007D320E /* UILabel.swift in Sources */ = {isa = PBXBuildFile; fileRef = B4ADA02F283A414F007D320E /* UILabel.swift */; };
		B4ADA034283A42CA007D320E /* VerifyPhoneNumberViewController.swift in Sources */ = {isa = PBXBuildFile; fileRef = B4ADA032283A42CA007D320E /* VerifyPhoneNumberViewController.swift */; };
		B4ADA035283A42CA007D320E /* VerifyPhoneNumberViewController.xib in Resources */ = {isa = PBXBuildFile; fileRef = B4ADA033283A42CA007D320E /* VerifyPhoneNumberViewController.xib */; };
		B4BB0071283A5D4F0013E445 /* OTPView.xib in Resources */ = {isa = PBXBuildFile; fileRef = B4BB0070283A5D4F0013E445 /* OTPView.xib */; };
		B4BB0073283A5D650013E445 /* OTPView.swift in Sources */ = {isa = PBXBuildFile; fileRef = B4BB0072283A5D650013E445 /* OTPView.swift */; };
		B4BB0077283A5DF90013E445 /* OTPTextField.swift in Sources */ = {isa = PBXBuildFile; fileRef = B4BB0076283A5DF90013E445 /* OTPTextField.swift */; };
		B4BB007A283A71D00013E445 /* LoginEmailViewController.swift in Sources */ = {isa = PBXBuildFile; fileRef = B4BB0078283A71D00013E445 /* LoginEmailViewController.swift */; };
		B4BB007B283A71D00013E445 /* LoginEmailViewController.xib in Resources */ = {isa = PBXBuildFile; fileRef = B4BB0079283A71D00013E445 /* LoginEmailViewController.xib */; };
		B4F7A8E0283F1CBB005087B2 /* GoogleService-Info.plist in Resources */ = {isa = PBXBuildFile; fileRef = B4F7A8DF283F1CBB005087B2 /* GoogleService-Info.plist */; };
/* End PBXBuildFile section */

/* Begin PBXFileReference section */
		016BEDC391A8855D8D36D762 /* Pods-CryptoStar.release.xcconfig */ = {isa = PBXFileReference; includeInIndex = 1; lastKnownFileType = text.xcconfig; name = "Pods-CryptoStar.release.xcconfig"; path = "Target Support Files/Pods-CryptoStar/Pods-CryptoStar.release.xcconfig"; sourceTree = "<group>"; };
		1466E29506BB2121AE6E4F56 /* Pods-CryptoStar.debug.xcconfig */ = {isa = PBXFileReference; includeInIndex = 1; lastKnownFileType = text.xcconfig; name = "Pods-CryptoStar.debug.xcconfig"; path = "Target Support Files/Pods-CryptoStar/Pods-CryptoStar.debug.xcconfig"; sourceTree = "<group>"; };
		3BBFC6DB7D056556EC576339 /* Pods_CryptoStar.framework */ = {isa = PBXFileReference; explicitFileType = wrapper.framework; includeInIndex = 0; path = Pods_CryptoStar.framework; sourceTree = BUILT_PRODUCTS_DIR; };
		B431DE5E283B366C00CB5EB6 /* UIButton.swift */ = {isa = PBXFileReference; lastKnownFileType = sourcecode.swift; path = UIButton.swift; sourceTree = "<group>"; };
		B431DE60283B5EBD00CB5EB6 /* Helper.swift */ = {isa = PBXFileReference; lastKnownFileType = sourcecode.swift; path = Helper.swift; sourceTree = "<group>"; };
		B431DE62283B831900CB5EB6 /* BaseNibView.swift */ = {isa = PBXFileReference; lastKnownFileType = sourcecode.swift; path = BaseNibView.swift; sourceTree = "<group>"; };
		B431DE65283BBE0200CB5EB6 /* CreateAccountViewController.swift */ = {isa = PBXFileReference; lastKnownFileType = sourcecode.swift; path = CreateAccountViewController.swift; sourceTree = "<group>"; };
		B431DE66283BBE0200CB5EB6 /* CreateAccountViewController.xib */ = {isa = PBXFileReference; lastKnownFileType = file.xib; path = CreateAccountViewController.xib; sourceTree = "<group>"; };
		B431DE6C283C674C00CB5EB6 /* HomeViewController.swift */ = {isa = PBXFileReference; lastKnownFileType = sourcecode.swift; path = HomeViewController.swift; sourceTree = "<group>"; };
		B431DE6D283C674C00CB5EB6 /* HomeViewController.xib */ = {isa = PBXFileReference; lastKnownFileType = file.xib; path = HomeViewController.xib; sourceTree = "<group>"; };
		B431DE70283C675C00CB5EB6 /* ChartsViewController.swift */ = {isa = PBXFileReference; lastKnownFileType = sourcecode.swift; path = ChartsViewController.swift; sourceTree = "<group>"; };
		B431DE71283C675C00CB5EB6 /* ChartsViewController.xib */ = {isa = PBXFileReference; lastKnownFileType = file.xib; path = ChartsViewController.xib; sourceTree = "<group>"; };
		B431DE74283C677000CB5EB6 /* SettingViewController.swift */ = {isa = PBXFileReference; lastKnownFileType = sourcecode.swift; path = SettingViewController.swift; sourceTree = "<group>"; };
		B431DE75283C677000CB5EB6 /* SettingViewController.xib */ = {isa = PBXFileReference; lastKnownFileType = file.xib; path = SettingViewController.xib; sourceTree = "<group>"; };
		B431DE78283C680D00CB5EB6 /* CustomTabBarView.swift */ = {isa = PBXFileReference; lastKnownFileType = sourcecode.swift; path = CustomTabBarView.swift; sourceTree = "<group>"; };
		B431DE7B283C683600CB5EB6 /* CustomTabBarView.xib */ = {isa = PBXFileReference; lastKnownFileType = file.xib; path = CustomTabBarView.xib; sourceTree = "<group>"; };
		B431DE7D283C884600CB5EB6 /* UIView.swift */ = {isa = PBXFileReference; lastKnownFileType = sourcecode.swift; path = UIView.swift; sourceTree = "<group>"; };
		B431DE80283DBF4200CB5EB6 /* TitleTabBarView.swift */ = {isa = PBXFileReference; lastKnownFileType = sourcecode.swift; path = TitleTabBarView.swift; sourceTree = "<group>"; };
		B431DE82283DBF5700CB5EB6 /* TitleTabBarView.xib */ = {isa = PBXFileReference; lastKnownFileType = file.xib; path = TitleTabBarView.xib; sourceTree = "<group>"; };
		B431DE89283E1F6900CB5EB6 /* CoinPriceCell.swift */ = {isa = PBXFileReference; lastKnownFileType = sourcecode.swift; path = CoinPriceCell.swift; sourceTree = "<group>"; };
		B431DE8A283E1F6900CB5EB6 /* CoinPriceCell.xib */ = {isa = PBXFileReference; lastKnownFileType = file.xib; path = CoinPriceCell.xib; sourceTree = "<group>"; };
		B431DE93283E652200CB5EB6 /* MainViewController.swift */ = {isa = PBXFileReference; lastKnownFileType = sourcecode.swift; path = MainViewController.swift; sourceTree = "<group>"; };
		B431DE94283E652200CB5EB6 /* MainViewController.xib */ = {isa = PBXFileReference; lastKnownFileType = file.xib; path = MainViewController.xib; sourceTree = "<group>"; };
		B43E97692835D5F900F47ADF /* CryptoStar.app */ = {isa = PBXFileReference; explicitFileType = wrapper.application; includeInIndex = 0; path = CryptoStar.app; sourceTree = BUILT_PRODUCTS_DIR; };
		B43E976C2835D5F900F47ADF /* AppDelegate.swift */ = {isa = PBXFileReference; lastKnownFileType = sourcecode.swift; path = AppDelegate.swift; sourceTree = "<group>"; };
		B43E976E2835D5F900F47ADF /* SceneDelegate.swift */ = {isa = PBXFileReference; lastKnownFileType = sourcecode.swift; path = SceneDelegate.swift; sourceTree = "<group>"; };
		B43E97762835D5F900F47ADF /* CryptoStar.xcdatamodel */ = {isa = PBXFileReference; lastKnownFileType = wrapper.xcdatamodel; path = CryptoStar.xcdatamodel; sourceTree = "<group>"; };
		B43E97782835D5FD00F47ADF /* Assets.xcassets */ = {isa = PBXFileReference; lastKnownFileType = folder.assetcatalog; path = Assets.xcassets; sourceTree = "<group>"; };
		B43E977B2835D5FD00F47ADF /* Base */ = {isa = PBXFileReference; lastKnownFileType = file.storyboard; name = Base; path = Base.lproj/LaunchScreen.storyboard; sourceTree = "<group>"; };
		B43E977D2835D5FD00F47ADF /* Info.plist */ = {isa = PBXFileReference; lastKnownFileType = text.plist.xml; path = Info.plist; sourceTree = "<group>"; };
		B43E97922835E57500F47ADF /* UIColor.swift */ = {isa = PBXFileReference; lastKnownFileType = sourcecode.swift; path = UIColor.swift; sourceTree = "<group>"; };
		B43E97942835E59B00F47ADF /* Enum.swift */ = {isa = PBXFileReference; lastKnownFileType = sourcecode.swift; path = Enum.swift; sourceTree = "<group>"; };
		B43E97992835E92300F47ADF /* NSObject.swift */ = {isa = PBXFileReference; lastKnownFileType = sourcecode.swift; path = NSObject.swift; sourceTree = "<group>"; };
		B43E979B2835E96600F47ADF /* UIViewController.swift */ = {isa = PBXFileReference; lastKnownFileType = sourcecode.swift; path = UIViewController.swift; sourceTree = "<group>"; };
		B43E979D2835E9C800F47ADF /* UITableView.swift */ = {isa = PBXFileReference; lastKnownFileType = sourcecode.swift; path = UITableView.swift; sourceTree = "<group>"; };
		B43E97A02835EACC00F47ADF /* BaseViewController.swift */ = {isa = PBXFileReference; lastKnownFileType = sourcecode.swift; path = BaseViewController.swift; sourceTree = "<group>"; };
		B43E97A22835ED5500F47ADF /* BaseTabBarController.swift */ = {isa = PBXFileReference; lastKnownFileType = sourcecode.swift; path = BaseTabBarController.swift; sourceTree = "<group>"; };
		B43E97A42835EEA900F47ADF /* BaseNavigationController.swift */ = {isa = PBXFileReference; lastKnownFileType = sourcecode.swift; path = BaseNavigationController.swift; sourceTree = "<group>"; };
		B43E97A62835EF4F00F47ADF /* WelcomeViewController.swift */ = {isa = PBXFileReference; lastKnownFileType = sourcecode.swift; path = WelcomeViewController.swift; sourceTree = "<group>"; };
		B43E97AE2835FA1300F47ADF /* UIFont.swift */ = {isa = PBXFileReference; lastKnownFileType = sourcecode.swift; path = UIFont.swift; sourceTree = "<group>"; };
		B45D7631283F125E0009C7DF /* AuthManager.swift */ = {isa = PBXFileReference; lastKnownFileType = sourcecode.swift; path = AuthManager.swift; sourceTree = "<group>"; };
		B49C210F28361B0300D4FCEE /* Ratio.swift */ = {isa = PBXFileReference; lastKnownFileType = sourcecode.swift; path = Ratio.swift; sourceTree = "<group>"; };
		B49C211228362E1300D4FCEE /* SF-Pro-Display-Regular.otf */ = {isa = PBXFileReference; lastKnownFileType = file; path = "SF-Pro-Display-Regular.otf"; sourceTree = "<group>"; };
		B49C211328362E1300D4FCEE /* SF-Pro-Display-Bold.otf */ = {isa = PBXFileReference; lastKnownFileType = file; path = "SF-Pro-Display-Bold.otf"; sourceTree = "<group>"; };
		B49C211428362E1300D4FCEE /* SF-Pro-Display-Medium.otf */ = {isa = PBXFileReference; lastKnownFileType = file; path = "SF-Pro-Display-Medium.otf"; sourceTree = "<group>"; };
		B49C211528362E1300D4FCEE /* SF-Pro-Display-Semibold.otf */ = {isa = PBXFileReference; lastKnownFileType = file; path = "SF-Pro-Display-Semibold.otf"; sourceTree = "<group>"; };
		B4ADA01228364258007D320E /* WelcomeViewController.xib */ = {isa = PBXFileReference; fileEncoding = 4; lastKnownFileType = file.xib; path = WelcomeViewController.xib; sourceTree = "<group>"; };
		B4ADA01628364CA0007D320E /* DataInputView.xib */ = {isa = PBXFileReference; lastKnownFileType = file.xib; path = DataInputView.xib; sourceTree = "<group>"; };
		B4ADA01B28364E18007D320E /* DataInputView.swift */ = {isa = PBXFileReference; lastKnownFileType = sourcecode.swift; path = DataInputView.swift; sourceTree = "<group>"; };
		B4ADA01E28367234007D320E /* LoginPhoneViewController.swift */ = {isa = PBXFileReference; lastKnownFileType = sourcecode.swift; path = LoginPhoneViewController.swift; sourceTree = "<group>"; };
		B4ADA01F28367234007D320E /* LoginPhoneViewController.xib */ = {isa = PBXFileReference; lastKnownFileType = file.xib; path = LoginPhoneViewController.xib; sourceTree = "<group>"; };
		B4ADA02428378FE9007D320E /* Int.swift */ = {isa = PBXFileReference; lastKnownFileType = sourcecode.swift; path = Int.swift; sourceTree = "<group>"; };
		B4ADA0292837951E007D320E /* FloatingPoint.swift */ = {isa = PBXFileReference; lastKnownFileType = sourcecode.swift; path = FloatingPoint.swift; sourceTree = "<group>"; };
		B4ADA02B28379579007D320E /* CustomNavigationBarView.xib */ = {isa = PBXFileReference; lastKnownFileType = file.xib; path = CustomNavigationBarView.xib; sourceTree = "<group>"; };
		B4ADA02D28379593007D320E /* CustomNavigationBarView.swift */ = {isa = PBXFileReference; lastKnownFileType = sourcecode.swift; path = CustomNavigationBarView.swift; sourceTree = "<group>"; };
		B4ADA02F283A414F007D320E /* UILabel.swift */ = {isa = PBXFileReference; lastKnownFileType = sourcecode.swift; path = UILabel.swift; sourceTree = "<group>"; };
		B4ADA032283A42CA007D320E /* VerifyPhoneNumberViewController.swift */ = {isa = PBXFileReference; lastKnownFileType = sourcecode.swift; path = VerifyPhoneNumberViewController.swift; sourceTree = "<group>"; };
		B4ADA033283A42CA007D320E /* VerifyPhoneNumberViewController.xib */ = {isa = PBXFileReference; lastKnownFileType = file.xib; path = VerifyPhoneNumberViewController.xib; sourceTree = "<group>"; };
		B4BB0070283A5D4F0013E445 /* OTPView.xib */ = {isa = PBXFileReference; lastKnownFileType = file.xib; path = OTPView.xib; sourceTree = "<group>"; };
		B4BB0072283A5D650013E445 /* OTPView.swift */ = {isa = PBXFileReference; lastKnownFileType = sourcecode.swift; path = OTPView.swift; sourceTree = "<group>"; };
		B4BB0076283A5DF90013E445 /* OTPTextField.swift */ = {isa = PBXFileReference; lastKnownFileType = sourcecode.swift; path = OTPTextField.swift; sourceTree = "<group>"; };
		B4BB0078283A71D00013E445 /* LoginEmailViewController.swift */ = {isa = PBXFileReference; lastKnownFileType = sourcecode.swift; path = LoginEmailViewController.swift; sourceTree = "<group>"; };
		B4BB0079283A71D00013E445 /* LoginEmailViewController.xib */ = {isa = PBXFileReference; lastKnownFileType = file.xib; path = LoginEmailViewController.xib; sourceTree = "<group>"; };
		B4F7A8DF283F1CBB005087B2 /* GoogleService-Info.plist */ = {isa = PBXFileReference; fileEncoding = 4; lastKnownFileType = text.plist.xml; path = "GoogleService-Info.plist"; sourceTree = "<group>"; };
/* End PBXFileReference section */

/* Begin PBXFrameworksBuildPhase section */
		B43E97662835D5F900F47ADF /* Frameworks */ = {
			isa = PBXFrameworksBuildPhase;
			buildActionMask = 2147483647;
			files = (
				93E8AA682C888F4199253A9B /* Pods_CryptoStar.framework in Frameworks */,
			);
			runOnlyForDeploymentPostprocessing = 0;
		};
/* End PBXFrameworksBuildPhase section */

/* Begin PBXGroup section */
		B431DE64283BBDCE00CB5EB6 /* CreateAccountViewController */ = {
			isa = PBXGroup;
			children = (
				B431DE65283BBE0200CB5EB6 /* CreateAccountViewController.swift */,
				B431DE66283BBE0200CB5EB6 /* CreateAccountViewController.xib */,
			);
			path = CreateAccountViewController;
			sourceTree = "<group>";
		};
		B431DE69283C66DC00CB5EB6 /* HomeViewController */ = {
			isa = PBXGroup;
			children = (
				B431DE6C283C674C00CB5EB6 /* HomeViewController.swift */,
				B431DE6D283C674C00CB5EB6 /* HomeViewController.xib */,
			);
			path = HomeViewController;
			sourceTree = "<group>";
		};
		B431DE6A283C66E800CB5EB6 /* ChartsViewController */ = {
			isa = PBXGroup;
			children = (
				B431DE70283C675C00CB5EB6 /* ChartsViewController.swift */,
				B431DE71283C675C00CB5EB6 /* ChartsViewController.xib */,
			);
			path = ChartsViewController;
			sourceTree = "<group>";
		};
		B431DE6B283C670000CB5EB6 /* SettingViewController */ = {
			isa = PBXGroup;
			children = (
				B431DE74283C677000CB5EB6 /* SettingViewController.swift */,
				B431DE75283C677000CB5EB6 /* SettingViewController.xib */,
			);
			path = SettingViewController;
			sourceTree = "<group>";
		};
		B431DE7A283C681300CB5EB6 /* CustomTabBarView */ = {
			isa = PBXGroup;
			children = (
				B431DE78283C680D00CB5EB6 /* CustomTabBarView.swift */,
				B431DE7B283C683600CB5EB6 /* CustomTabBarView.xib */,
			);
			path = CustomTabBarView;
			sourceTree = "<group>";
		};
		B431DE7F283DBE8500CB5EB6 /* TitleTabBarView */ = {
			isa = PBXGroup;
			children = (
				B431DE80283DBF4200CB5EB6 /* TitleTabBarView.swift */,
				B431DE82283DBF5700CB5EB6 /* TitleTabBarView.xib */,
			);
			path = TitleTabBarView;
			sourceTree = "<group>";
		};
		B431DE88283DD8B700CB5EB6 /* CoinPriceCell */ = {
			isa = PBXGroup;
			children = (
				B431DE89283E1F6900CB5EB6 /* CoinPriceCell.swift */,
				B431DE8A283E1F6900CB5EB6 /* CoinPriceCell.xib */,
			);
			path = CoinPriceCell;
			sourceTree = "<group>";
		};
		B431DE92283E650D00CB5EB6 /* MainViewController */ = {
			isa = PBXGroup;
			children = (
				B431DE93283E652200CB5EB6 /* MainViewController.swift */,
				B431DE94283E652200CB5EB6 /* MainViewController.xib */,
			);
			path = MainViewController;
			sourceTree = "<group>";
		};
		B43E97602835D5F900F47ADF = {
			isa = PBXGroup;
			children = (
				B43E976B2835D5F900F47ADF /* CryptoStar */,
				B43E97962835E88400F47ADF /* Products */,
				B43E97972835E89100F47ADF /* Pods */,
				B43E97982835E8AB00F47ADF /* Frameworks */,
				B43E976A2835D5F900F47ADF /* Products */,
			);
			sourceTree = "<group>";
		};
		B43E976A2835D5F900F47ADF /* Products */ = {
			isa = PBXGroup;
			children = (
				B43E97692835D5F900F47ADF /* CryptoStar.app */,
			);
			name = Products;
			sourceTree = "<group>";
		};
		B43E976B2835D5F900F47ADF /* CryptoStar */ = {
			isa = PBXGroup;
			children = (
				B43E97832835D73100F47ADF /* AppDelegate */,
				B43E97842835D74F00F47ADF /* Base */,
				B43E97852835D75800F47ADF /* Controller */,
				B43E97862835D76900F47ADF /* Extensions */,
				B43E97872835D77E00F47ADF /* Helper */,
				B43E97882835D78C00F47ADF /* Libraries */,
				B43E97892835D7B900F47ADF /* Model */,
				B43E978A2835D7C600F47ADF /* Resources */,
				B43E978B2835D7D700F47ADF /* Services */,
				B43E978C2835D7FD00F47ADF /* Targets */,
				B43E978D2835D8A200F47ADF /* Views */,
			);
			path = CryptoStar;
			sourceTree = "<group>";
		};
		B43E97832835D73100F47ADF /* AppDelegate */ = {
			isa = PBXGroup;
			children = (
				B43E976C2835D5F900F47ADF /* AppDelegate.swift */,
				B43E976E2835D5F900F47ADF /* SceneDelegate.swift */,
			);
			path = AppDelegate;
			sourceTree = "<group>";
		};
		B43E97842835D74F00F47ADF /* Base */ = {
			isa = PBXGroup;
			children = (
				B43E97A22835ED5500F47ADF /* BaseTabBarController.swift */,
				B43E97A02835EACC00F47ADF /* BaseViewController.swift */,
				B43E97A42835EEA900F47ADF /* BaseNavigationController.swift */,
				B431DE62283B831900CB5EB6 /* BaseNibView.swift */,
			);
			path = Base;
			sourceTree = "<group>";
		};
		B43E97852835D75800F47ADF /* Controller */ = {
			isa = PBXGroup;
			children = (
				B431DE92283E650D00CB5EB6 /* MainViewController */,
				B431DE69283C66DC00CB5EB6 /* HomeViewController */,
				B431DE6A283C66E800CB5EB6 /* ChartsViewController */,
				B431DE6B283C670000CB5EB6 /* SettingViewController */,
				B431DE64283BBDCE00CB5EB6 /* CreateAccountViewController */,
				B4BB0075283A5DD70013E445 /* OTPTextField */,
				B4BB006E283A56C00013E445 /* LoginEmail */,
				B4ADA031283A428C007D320E /* VerifyPhoneNumber */,
				B4ADA01D283671FD007D320E /* LoginPhone */,
				B43E97AA2835EF5600F47ADF /* Welcome */,
			);
			path = Controller;
			sourceTree = "<group>";
		};
		B43E97862835D76900F47ADF /* Extensions */ = {
			isa = PBXGroup;
			children = (
				B43E97922835E57500F47ADF /* UIColor.swift */,
				B43E97992835E92300F47ADF /* NSObject.swift */,
				B43E979B2835E96600F47ADF /* UIViewController.swift */,
				B43E979D2835E9C800F47ADF /* UITableView.swift */,
				B43E97AE2835FA1300F47ADF /* UIFont.swift */,
				B4ADA02428378FE9007D320E /* Int.swift */,
				B4ADA0292837951E007D320E /* FloatingPoint.swift */,
				B4ADA02F283A414F007D320E /* UILabel.swift */,
				B431DE5E283B366C00CB5EB6 /* UIButton.swift */,
				B431DE7D283C884600CB5EB6 /* UIView.swift */,
			);
			path = Extensions;
			sourceTree = "<group>";
		};
		B43E97872835D77E00F47ADF /* Helper */ = {
			isa = PBXGroup;
			children = (
				B49C210E28361ABB00D4FCEE /* Ratio */,
				B43E978F2835D9AA00F47ADF /* Enum */,
				B431DE60283B5EBD00CB5EB6 /* Helper.swift */,
			);
			path = Helper;
			sourceTree = "<group>";
		};
		B43E97882835D78C00F47ADF /* Libraries */ = {
			isa = PBXGroup;
			children = (
			);
			path = Libraries;
			sourceTree = "<group>";
		};
		B43E97892835D7B900F47ADF /* Model */ = {
			isa = PBXGroup;
			children = (
				B45D7631283F125E0009C7DF /* AuthManager.swift */,
			);
			path = Model;
			sourceTree = "<group>";
		};
		B43E978A2835D7C600F47ADF /* Resources */ = {
			isa = PBXGroup;
			children = (
				B4F7A8DF283F1CBB005087B2 /* GoogleService-Info.plist */,
				B43E97AB2835F6B100F47ADF /* Font */,
				B43E97782835D5FD00F47ADF /* Assets.xcassets */,
				B43E977A2835D5FD00F47ADF /* LaunchScreen.storyboard */,
				B43E977D2835D5FD00F47ADF /* Info.plist */,
			);
			path = Resources;
			sourceTree = "<group>";
		};
		B43E978B2835D7D700F47ADF /* Services */ = {
			isa = PBXGroup;
			children = (
				B43E979F2835EAA000F47ADF /* CoreData */,
			);
			path = Services;
			sourceTree = "<group>";
		};
		B43E978C2835D7FD00F47ADF /* Targets */ = {
			isa = PBXGroup;
			children = (
			);
			path = Targets;
			sourceTree = "<group>";
		};
		B43E978D2835D8A200F47ADF /* Views */ = {
			isa = PBXGroup;
			children = (
				B431DE88283DD8B700CB5EB6 /* CoinPriceCell */,
				B431DE7F283DBE8500CB5EB6 /* TitleTabBarView */,
				B431DE7A283C681300CB5EB6 /* CustomTabBarView */,
				B4BB006F283A5D330013E445 /* OTPView */,
				B4ADA02828379469007D320E /* CustomNavigationBarView */,
				B4ADA01828364DC2007D320E /* DataInput */,
			);
			path = Views;
			sourceTree = "<group>";
		};
		B43E978F2835D9AA00F47ADF /* Enum */ = {
			isa = PBXGroup;
			children = (
				B43E97942835E59B00F47ADF /* Enum.swift */,
			);
			path = Enum;
			sourceTree = "<group>";
		};
		B43E97962835E88400F47ADF /* Products */ = {
			isa = PBXGroup;
			children = (
			);
			path = Products;
			sourceTree = "<group>";
		};
		B43E97972835E89100F47ADF /* Pods */ = {
			isa = PBXGroup;
			children = (
				1466E29506BB2121AE6E4F56 /* Pods-CryptoStar.debug.xcconfig */,
				016BEDC391A8855D8D36D762 /* Pods-CryptoStar.release.xcconfig */,
			);
			path = Pods;
			sourceTree = "<group>";
		};
		B43E97982835E8AB00F47ADF /* Frameworks */ = {
			isa = PBXGroup;
			children = (
				3BBFC6DB7D056556EC576339 /* Pods_CryptoStar.framework */,
			);
			path = Frameworks;
			sourceTree = "<group>";
		};
		B43E979F2835EAA000F47ADF /* CoreData */ = {
			isa = PBXGroup;
			children = (
				B43E97752835D5F900F47ADF /* CryptoStar.xcdatamodeld */,
			);
			path = CoreData;
			sourceTree = "<group>";
		};
		B43E97AA2835EF5600F47ADF /* Welcome */ = {
			isa = PBXGroup;
			children = (
				B43E97A62835EF4F00F47ADF /* WelcomeViewController.swift */,
				B4ADA01228364258007D320E /* WelcomeViewController.xib */,
			);
			path = Welcome;
			sourceTree = "<group>";
		};
		B43E97AB2835F6B100F47ADF /* Font */ = {
			isa = PBXGroup;
			children = (
				B49C211128362E1300D4FCEE /* SF-Pro-Display */,
			);
			path = Font;
			sourceTree = "<group>";
		};
		B49C210E28361ABB00D4FCEE /* Ratio */ = {
			isa = PBXGroup;
			children = (
				B49C210F28361B0300D4FCEE /* Ratio.swift */,
			);
			path = Ratio;
			sourceTree = "<group>";
		};
		B49C211128362E1300D4FCEE /* SF-Pro-Display */ = {
			isa = PBXGroup;
			children = (
				B49C211228362E1300D4FCEE /* SF-Pro-Display-Regular.otf */,
				B49C211328362E1300D4FCEE /* SF-Pro-Display-Bold.otf */,
				B49C211428362E1300D4FCEE /* SF-Pro-Display-Medium.otf */,
				B49C211528362E1300D4FCEE /* SF-Pro-Display-Semibold.otf */,
			);
			path = "SF-Pro-Display";
			sourceTree = "<group>";
		};
		B4ADA01828364DC2007D320E /* DataInput */ = {
			isa = PBXGroup;
			children = (
				B4ADA01B28364E18007D320E /* DataInputView.swift */,
				B4ADA01628364CA0007D320E /* DataInputView.xib */,
			);
			path = DataInput;
			sourceTree = "<group>";
		};
		B4ADA01D283671FD007D320E /* LoginPhone */ = {
			isa = PBXGroup;
			children = (
				B4ADA01E28367234007D320E /* LoginPhoneViewController.swift */,
				B4ADA01F28367234007D320E /* LoginPhoneViewController.xib */,
			);
			path = LoginPhone;
			sourceTree = "<group>";
		};
		B4ADA02828379469007D320E /* CustomNavigationBarView */ = {
			isa = PBXGroup;
			children = (
				B4ADA02D28379593007D320E /* CustomNavigationBarView.swift */,
				B4ADA02B28379579007D320E /* CustomNavigationBarView.xib */,
			);
			path = CustomNavigationBarView;
			sourceTree = "<group>";
		};
		B4ADA031283A428C007D320E /* VerifyPhoneNumber */ = {
			isa = PBXGroup;
			children = (
				B4ADA032283A42CA007D320E /* VerifyPhoneNumberViewController.swift */,
				B4ADA033283A42CA007D320E /* VerifyPhoneNumberViewController.xib */,
			);
			path = VerifyPhoneNumber;
			sourceTree = "<group>";
		};
		B4BB006E283A56C00013E445 /* LoginEmail */ = {
			isa = PBXGroup;
			children = (
				B4BB0078283A71D00013E445 /* LoginEmailViewController.swift */,
				B4BB0079283A71D00013E445 /* LoginEmailViewController.xib */,
			);
			path = LoginEmail;
			sourceTree = "<group>";
		};
		B4BB006F283A5D330013E445 /* OTPView */ = {
			isa = PBXGroup;
			children = (
				B4BB0072283A5D650013E445 /* OTPView.swift */,
				B4BB0070283A5D4F0013E445 /* OTPView.xib */,
			);
			path = OTPView;
			sourceTree = "<group>";
		};
		B4BB0075283A5DD70013E445 /* OTPTextField */ = {
			isa = PBXGroup;
			children = (
				B4BB0076283A5DF90013E445 /* OTPTextField.swift */,
			);
			path = OTPTextField;
			sourceTree = "<group>";
		};
/* End PBXGroup section */

/* Begin PBXNativeTarget section */
		B43E97682835D5F900F47ADF /* CryptoStar */ = {
			isa = PBXNativeTarget;
			buildConfigurationList = B43E97802835D5FD00F47ADF /* Build configuration list for PBXNativeTarget "CryptoStar" */;
			buildPhases = (
				8FF2EDFA390ED9864AE231EF /* [CP] Check Pods Manifest.lock */,
				B43E97652835D5F900F47ADF /* Sources */,
				B43E97662835D5F900F47ADF /* Frameworks */,
				B43E97672835D5F900F47ADF /* Resources */,
				99B15439601ADF9CB5534E7F /* [CP] Embed Pods Frameworks */,
			);
			buildRules = (
			);
			dependencies = (
			);
			name = CryptoStar;
			productName = CryptoStar;
			productReference = B43E97692835D5F900F47ADF /* CryptoStar.app */;
			productType = "com.apple.product-type.application";
		};
/* End PBXNativeTarget section */

/* Begin PBXProject section */
		B43E97612835D5F900F47ADF /* Project object */ = {
			isa = PBXProject;
			attributes = {
				BuildIndependentTargetsInParallel = 1;
				LastSwiftUpdateCheck = 1320;
				LastUpgradeCheck = 1320;
				TargetAttributes = {
					B43E97682835D5F900F47ADF = {
						CreatedOnToolsVersion = 13.2.1;
					};
				};
			};
			buildConfigurationList = B43E97642835D5F900F47ADF /* Build configuration list for PBXProject "CryptoStar" */;
			compatibilityVersion = "Xcode 13.0";
			developmentRegion = en;
			hasScannedForEncodings = 0;
			knownRegions = (
				en,
				Base,
			);
			mainGroup = B43E97602835D5F900F47ADF;
			productRefGroup = B43E976A2835D5F900F47ADF /* Products */;
			projectDirPath = "";
			projectRoot = "";
			targets = (
				B43E97682835D5F900F47ADF /* CryptoStar */,
			);
		};
/* End PBXProject section */

/* Begin PBXResourcesBuildPhase section */
		B43E97672835D5F900F47ADF /* Resources */ = {
			isa = PBXResourcesBuildPhase;
			buildActionMask = 2147483647;
			files = (
				B4ADA035283A42CA007D320E /* VerifyPhoneNumberViewController.xib in Resources */,
				B4ADA02128367234007D320E /* LoginPhoneViewController.xib in Resources */,
				B431DE8C283E1F6900CB5EB6 /* CoinPriceCell.xib in Resources */,
				B431DE6F283C674C00CB5EB6 /* HomeViewController.xib in Resources */,
				B431DE77283C677000CB5EB6 /* SettingViewController.xib in Resources */,
				B49C211828362E1300D4FCEE /* SF-Pro-Display-Medium.otf in Resources */,
				B4ADA01328364258007D320E /* WelcomeViewController.xib in Resources */,
				B49C211728362E1300D4FCEE /* SF-Pro-Display-Bold.otf in Resources */,
				B49C211928362E1300D4FCEE /* SF-Pro-Display-Semibold.otf in Resources */,
				B431DE68283BBE0200CB5EB6 /* CreateAccountViewController.xib in Resources */,
				B4BB0071283A5D4F0013E445 /* OTPView.xib in Resources */,
				B4ADA02C28379579007D320E /* CustomNavigationBarView.xib in Resources */,
				B431DE7C283C683600CB5EB6 /* CustomTabBarView.xib in Resources */,
				B4F7A8E0283F1CBB005087B2 /* GoogleService-Info.plist in Resources */,
				B43E977C2835D5FD00F47ADF /* LaunchScreen.storyboard in Resources */,
				B431DE83283DBF5700CB5EB6 /* TitleTabBarView.xib in Resources */,
				B49C211628362E1300D4FCEE /* SF-Pro-Display-Regular.otf in Resources */,
				B43E97792835D5FD00F47ADF /* Assets.xcassets in Resources */,
				B431DE73283C675C00CB5EB6 /* ChartsViewController.xib in Resources */,
				B4BB007B283A71D00013E445 /* LoginEmailViewController.xib in Resources */,
				B431DE96283E652200CB5EB6 /* MainViewController.xib in Resources */,
				B4ADA01728364CA0007D320E /* DataInputView.xib in Resources */,
			);
			runOnlyForDeploymentPostprocessing = 0;
		};
/* End PBXResourcesBuildPhase section */

/* Begin PBXShellScriptBuildPhase section */
		8FF2EDFA390ED9864AE231EF /* [CP] Check Pods Manifest.lock */ = {
			isa = PBXShellScriptBuildPhase;
			buildActionMask = 2147483647;
			files = (
			);
			inputFileListPaths = (
			);
			inputPaths = (
				"${PODS_PODFILE_DIR_PATH}/Podfile.lock",
				"${PODS_ROOT}/Manifest.lock",
			);
			name = "[CP] Check Pods Manifest.lock";
			outputFileListPaths = (
			);
			outputPaths = (
				"$(DERIVED_FILE_DIR)/Pods-CryptoStar-checkManifestLockResult.txt",
			);
			runOnlyForDeploymentPostprocessing = 0;
			shellPath = /bin/sh;
			shellScript = "diff \"${PODS_PODFILE_DIR_PATH}/Podfile.lock\" \"${PODS_ROOT}/Manifest.lock\" > /dev/null\nif [ $? != 0 ] ; then\n    # print error to STDERR\n    echo \"error: The sandbox is not in sync with the Podfile.lock. Run 'pod install' or update your CocoaPods installation.\" >&2\n    exit 1\nfi\n# This output is used by Xcode 'outputs' to avoid re-running this script phase.\necho \"SUCCESS\" > \"${SCRIPT_OUTPUT_FILE_0}\"\n";
			showEnvVarsInLog = 0;
		};
		99B15439601ADF9CB5534E7F /* [CP] Embed Pods Frameworks */ = {
			isa = PBXShellScriptBuildPhase;
			buildActionMask = 2147483647;
			files = (
			);
			inputFileListPaths = (
				"${PODS_ROOT}/Target Support Files/Pods-CryptoStar/Pods-CryptoStar-frameworks-${CONFIGURATION}-input-files.xcfilelist",
			);
			name = "[CP] Embed Pods Frameworks";
			outputFileListPaths = (
				"${PODS_ROOT}/Target Support Files/Pods-CryptoStar/Pods-CryptoStar-frameworks-${CONFIGURATION}-output-files.xcfilelist",
			);
			runOnlyForDeploymentPostprocessing = 0;
			shellPath = /bin/sh;
			shellScript = "\"${PODS_ROOT}/Target Support Files/Pods-CryptoStar/Pods-CryptoStar-frameworks.sh\"\n";
			showEnvVarsInLog = 0;
		};
/* End PBXShellScriptBuildPhase section */

/* Begin PBXSourcesBuildPhase section */
		B43E97652835D5F900F47ADF /* Sources */ = {
			isa = PBXSourcesBuildPhase;
			buildActionMask = 2147483647;
			files = (
				B431DE67283BBE0200CB5EB6 /* CreateAccountViewController.swift in Sources */,
				B431DE81283DBF4200CB5EB6 /* TitleTabBarView.swift in Sources */,
				B4ADA02A2837951E007D320E /* FloatingPoint.swift in Sources */,
				B431DE6E283C674C00CB5EB6 /* HomeViewController.swift in Sources */,
				B43E97932835E57500F47ADF /* UIColor.swift in Sources */,
				B43E97A12835EACC00F47ADF /* BaseViewController.swift in Sources */,
				B4BB007A283A71D00013E445 /* LoginEmailViewController.swift in Sources */,
				B4ADA01C28364E18007D320E /* DataInputView.swift in Sources */,
				B43E979C2835E96600F47ADF /* UIViewController.swift in Sources */,
				B43E97952835E59B00F47ADF /* Enum.swift in Sources */,
				B49C211028361B0300D4FCEE /* Ratio.swift in Sources */,
				B43E976D2835D5F900F47ADF /* AppDelegate.swift in Sources */,
				B431DE8B283E1F6900CB5EB6 /* CoinPriceCell.swift in Sources */,
				B4ADA02E28379593007D320E /* CustomNavigationBarView.swift in Sources */,
				B43E97A82835EF4F00F47ADF /* WelcomeViewController.swift in Sources */,
				B431DE95283E652200CB5EB6 /* MainViewController.swift in Sources */,
				B43E97A32835ED5500F47ADF /* BaseTabBarController.swift in Sources */,
				B43E979E2835E9C800F47ADF /* UITableView.swift in Sources */,
				B43E97A52835EEA900F47ADF /* BaseNavigationController.swift in Sources */,
				B4ADA02028367234007D320E /* LoginPhoneViewController.swift in Sources */,
				B431DE7E283C884600CB5EB6 /* UIView.swift in Sources */,
				B431DE61283B5EBD00CB5EB6 /* Helper.swift in Sources */,
				B4BB0073283A5D650013E445 /* OTPView.swift in Sources */,
				B4ADA030283A414F007D320E /* UILabel.swift in Sources */,
				B43E97AF2835FA1300F47ADF /* UIFont.swift in Sources */,
				B431DE79283C680D00CB5EB6 /* CustomTabBarView.swift in Sources */,
				B4ADA034283A42CA007D320E /* VerifyPhoneNumberViewController.swift in Sources */,
				B431DE76283C677000CB5EB6 /* SettingViewController.swift in Sources */,
				B43E979A2835E92300F47ADF /* NSObject.swift in Sources */,
				B43E97772835D5F900F47ADF /* CryptoStar.xcdatamodeld in Sources */,
				B431DE72283C675C00CB5EB6 /* ChartsViewController.swift in Sources */,
				B4ADA02528378FE9007D320E /* Int.swift in Sources */,
				B43E976F2835D5F900F47ADF /* SceneDelegate.swift in Sources */,
				B431DE63283B831900CB5EB6 /* BaseNibView.swift in Sources */,
				B45D7632283F125E0009C7DF /* AuthManager.swift in Sources */,
				B4BB0077283A5DF90013E445 /* OTPTextField.swift in Sources */,
				B431DE5F283B366C00CB5EB6 /* UIButton.swift in Sources */,
			);
			runOnlyForDeploymentPostprocessing = 0;
		};
/* End PBXSourcesBuildPhase section */

/* Begin PBXVariantGroup section */
		B43E977A2835D5FD00F47ADF /* LaunchScreen.storyboard */ = {
			isa = PBXVariantGroup;
			children = (
				B43E977B2835D5FD00F47ADF /* Base */,
			);
			name = LaunchScreen.storyboard;
			sourceTree = "<group>";
		};
/* End PBXVariantGroup section */

/* Begin XCBuildConfiguration section */
		B43E977E2835D5FD00F47ADF /* Debug */ = {
			isa = XCBuildConfiguration;
			buildSettings = {
				ALWAYS_SEARCH_USER_PATHS = NO;
				CLANG_ANALYZER_NONNULL = YES;
				CLANG_ANALYZER_NUMBER_OBJECT_CONVERSION = YES_AGGRESSIVE;
				CLANG_CXX_LANGUAGE_STANDARD = "gnu++17";
				CLANG_CXX_LIBRARY = "libc++";
				CLANG_ENABLE_MODULES = YES;
				CLANG_ENABLE_OBJC_ARC = YES;
				CLANG_ENABLE_OBJC_WEAK = YES;
				CLANG_WARN_BLOCK_CAPTURE_AUTORELEASING = YES;
				CLANG_WARN_BOOL_CONVERSION = YES;
				CLANG_WARN_COMMA = YES;
				CLANG_WARN_CONSTANT_CONVERSION = YES;
				CLANG_WARN_DEPRECATED_OBJC_IMPLEMENTATIONS = YES;
				CLANG_WARN_DIRECT_OBJC_ISA_USAGE = YES_ERROR;
				CLANG_WARN_DOCUMENTATION_COMMENTS = YES;
				CLANG_WARN_EMPTY_BODY = YES;
				CLANG_WARN_ENUM_CONVERSION = YES;
				CLANG_WARN_INFINITE_RECURSION = YES;
				CLANG_WARN_INT_CONVERSION = YES;
				CLANG_WARN_NON_LITERAL_NULL_CONVERSION = YES;
				CLANG_WARN_OBJC_IMPLICIT_RETAIN_SELF = YES;
				CLANG_WARN_OBJC_LITERAL_CONVERSION = YES;
				CLANG_WARN_OBJC_ROOT_CLASS = YES_ERROR;
				CLANG_WARN_QUOTED_INCLUDE_IN_FRAMEWORK_HEADER = YES;
				CLANG_WARN_RANGE_LOOP_ANALYSIS = YES;
				CLANG_WARN_STRICT_PROTOTYPES = YES;
				CLANG_WARN_SUSPICIOUS_MOVE = YES;
				CLANG_WARN_UNGUARDED_AVAILABILITY = YES_AGGRESSIVE;
				CLANG_WARN_UNREACHABLE_CODE = YES;
				CLANG_WARN__DUPLICATE_METHOD_MATCH = YES;
				COPY_PHASE_STRIP = NO;
				DEBUG_INFORMATION_FORMAT = dwarf;
				ENABLE_STRICT_OBJC_MSGSEND = YES;
				ENABLE_TESTABILITY = YES;
				GCC_C_LANGUAGE_STANDARD = gnu11;
				GCC_DYNAMIC_NO_PIC = NO;
				GCC_NO_COMMON_BLOCKS = YES;
				GCC_OPTIMIZATION_LEVEL = 0;
				GCC_PREPROCESSOR_DEFINITIONS = (
					"DEBUG=1",
					"$(inherited)",
				);
				GCC_WARN_64_TO_32_BIT_CONVERSION = YES;
				GCC_WARN_ABOUT_RETURN_TYPE = YES_ERROR;
				GCC_WARN_UNDECLARED_SELECTOR = YES;
				GCC_WARN_UNINITIALIZED_AUTOS = YES_AGGRESSIVE;
				GCC_WARN_UNUSED_FUNCTION = YES;
				GCC_WARN_UNUSED_VARIABLE = YES;
				IPHONEOS_DEPLOYMENT_TARGET = 14.3;
				MTL_ENABLE_DEBUG_INFO = INCLUDE_SOURCE;
				MTL_FAST_MATH = YES;
				ONLY_ACTIVE_ARCH = YES;
				SDKROOT = iphoneos;
				SWIFT_ACTIVE_COMPILATION_CONDITIONS = DEBUG;
				SWIFT_OPTIMIZATION_LEVEL = "-Onone";
			};
			name = Debug;
		};
		B43E977F2835D5FD00F47ADF /* Release */ = {
			isa = XCBuildConfiguration;
			buildSettings = {
				ALWAYS_SEARCH_USER_PATHS = NO;
				CLANG_ANALYZER_NONNULL = YES;
				CLANG_ANALYZER_NUMBER_OBJECT_CONVERSION = YES_AGGRESSIVE;
				CLANG_CXX_LANGUAGE_STANDARD = "gnu++17";
				CLANG_CXX_LIBRARY = "libc++";
				CLANG_ENABLE_MODULES = YES;
				CLANG_ENABLE_OBJC_ARC = YES;
				CLANG_ENABLE_OBJC_WEAK = YES;
				CLANG_WARN_BLOCK_CAPTURE_AUTORELEASING = YES;
				CLANG_WARN_BOOL_CONVERSION = YES;
				CLANG_WARN_COMMA = YES;
				CLANG_WARN_CONSTANT_CONVERSION = YES;
				CLANG_WARN_DEPRECATED_OBJC_IMPLEMENTATIONS = YES;
				CLANG_WARN_DIRECT_OBJC_ISA_USAGE = YES_ERROR;
				CLANG_WARN_DOCUMENTATION_COMMENTS = YES;
				CLANG_WARN_EMPTY_BODY = YES;
				CLANG_WARN_ENUM_CONVERSION = YES;
				CLANG_WARN_INFINITE_RECURSION = YES;
				CLANG_WARN_INT_CONVERSION = YES;
				CLANG_WARN_NON_LITERAL_NULL_CONVERSION = YES;
				CLANG_WARN_OBJC_IMPLICIT_RETAIN_SELF = YES;
				CLANG_WARN_OBJC_LITERAL_CONVERSION = YES;
				CLANG_WARN_OBJC_ROOT_CLASS = YES_ERROR;
				CLANG_WARN_QUOTED_INCLUDE_IN_FRAMEWORK_HEADER = YES;
				CLANG_WARN_RANGE_LOOP_ANALYSIS = YES;
				CLANG_WARN_STRICT_PROTOTYPES = YES;
				CLANG_WARN_SUSPICIOUS_MOVE = YES;
				CLANG_WARN_UNGUARDED_AVAILABILITY = YES_AGGRESSIVE;
				CLANG_WARN_UNREACHABLE_CODE = YES;
				CLANG_WARN__DUPLICATE_METHOD_MATCH = YES;
				COPY_PHASE_STRIP = NO;
				DEBUG_INFORMATION_FORMAT = "dwarf-with-dsym";
				ENABLE_NS_ASSERTIONS = NO;
				ENABLE_STRICT_OBJC_MSGSEND = YES;
				GCC_C_LANGUAGE_STANDARD = gnu11;
				GCC_NO_COMMON_BLOCKS = YES;
				GCC_WARN_64_TO_32_BIT_CONVERSION = YES;
				GCC_WARN_ABOUT_RETURN_TYPE = YES_ERROR;
				GCC_WARN_UNDECLARED_SELECTOR = YES;
				GCC_WARN_UNINITIALIZED_AUTOS = YES_AGGRESSIVE;
				GCC_WARN_UNUSED_FUNCTION = YES;
				GCC_WARN_UNUSED_VARIABLE = YES;
				IPHONEOS_DEPLOYMENT_TARGET = 14.3;
				MTL_ENABLE_DEBUG_INFO = NO;
				MTL_FAST_MATH = YES;
				SDKROOT = iphoneos;
				SWIFT_COMPILATION_MODE = wholemodule;
				SWIFT_OPTIMIZATION_LEVEL = "-O";
				VALIDATE_PRODUCT = YES;
			};
			name = Release;
		};
		B43E97812835D5FD00F47ADF /* Debug */ = {
			isa = XCBuildConfiguration;
			baseConfigurationReference = 1466E29506BB2121AE6E4F56 /* Pods-CryptoStar.debug.xcconfig */;
			buildSettings = {
				ASSETCATALOG_COMPILER_APPICON_NAME = AppIcon;
				ASSETCATALOG_COMPILER_GLOBAL_ACCENT_COLOR_NAME = AccentColor;
				CODE_SIGN_STYLE = Automatic;
				CURRENT_PROJECT_VERSION = 1;
				DEVELOPMENT_TEAM = 4B7C4QH7DZ;
				GENERATE_INFOPLIST_FILE = YES;
				INFOPLIST_FILE = CryptoStar/Resources/Info.plist;
				INFOPLIST_KEY_UIApplicationSupportsIndirectInputEvents = YES;
				INFOPLIST_KEY_UILaunchStoryboardName = LaunchScreen;
				INFOPLIST_KEY_UIRequiresFullScreen = YES;
				INFOPLIST_KEY_UISupportedInterfaceOrientations = UIInterfaceOrientationPortrait;
				INFOPLIST_KEY_UISupportedInterfaceOrientations_iPad = "UIInterfaceOrientationPortrait UIInterfaceOrientationPortraitUpsideDown UIInterfaceOrientationLandscapeLeft UIInterfaceOrientationLandscapeRight";
				INFOPLIST_KEY_UISupportedInterfaceOrientations_iPhone = "UIInterfaceOrientationPortrait UIInterfaceOrientationLandscapeLeft UIInterfaceOrientationLandscapeRight";
				IPHONEOS_DEPLOYMENT_TARGET = 15.2;
				LD_RUNPATH_SEARCH_PATHS = (
					"$(inherited)",
					"@executable_path/Frameworks",
				);
				MARKETING_VERSION = 1.0;
				PRODUCT_BUNDLE_IDENTIFIER = "ty-nguyen.CryptoStar";
				PRODUCT_NAME = "$(TARGET_NAME)";
				SWIFT_EMIT_LOC_STRINGS = YES;
				SWIFT_VERSION = 5.0;
				TARGETED_DEVICE_FAMILY = "1,2";
			};
			name = Debug;
		};
		B43E97822835D5FD00F47ADF /* Release */ = {
			isa = XCBuildConfiguration;
			baseConfigurationReference = 016BEDC391A8855D8D36D762 /* Pods-CryptoStar.release.xcconfig */;
			buildSettings = {
				ASSETCATALOG_COMPILER_APPICON_NAME = AppIcon;
				ASSETCATALOG_COMPILER_GLOBAL_ACCENT_COLOR_NAME = AccentColor;
				CODE_SIGN_STYLE = Automatic;
				CURRENT_PROJECT_VERSION = 1;
				DEVELOPMENT_TEAM = 4B7C4QH7DZ;
				GENERATE_INFOPLIST_FILE = YES;
				INFOPLIST_FILE = CryptoStar/Resources/Info.plist;
				INFOPLIST_KEY_UIApplicationSupportsIndirectInputEvents = YES;
				INFOPLIST_KEY_UILaunchStoryboardName = LaunchScreen;
				INFOPLIST_KEY_UIRequiresFullScreen = YES;
				INFOPLIST_KEY_UISupportedInterfaceOrientations = UIInterfaceOrientationPortrait;
				INFOPLIST_KEY_UISupportedInterfaceOrientations_iPad = "UIInterfaceOrientationPortrait UIInterfaceOrientationPortraitUpsideDown UIInterfaceOrientationLandscapeLeft UIInterfaceOrientationLandscapeRight";
				INFOPLIST_KEY_UISupportedInterfaceOrientations_iPhone = "UIInterfaceOrientationPortrait UIInterfaceOrientationLandscapeLeft UIInterfaceOrientationLandscapeRight";
				IPHONEOS_DEPLOYMENT_TARGET = 15.2;
				LD_RUNPATH_SEARCH_PATHS = (
					"$(inherited)",
					"@executable_path/Frameworks",
				);
				MARKETING_VERSION = 1.0;
				PRODUCT_BUNDLE_IDENTIFIER = "ty-nguyen.CryptoStar";
				PRODUCT_NAME = "$(TARGET_NAME)";
				SWIFT_EMIT_LOC_STRINGS = YES;
				SWIFT_VERSION = 5.0;
				TARGETED_DEVICE_FAMILY = "1,2";
			};
			name = Release;
		};
/* End XCBuildConfiguration section */

/* Begin XCConfigurationList section */
		B43E97642835D5F900F47ADF /* Build configuration list for PBXProject "CryptoStar" */ = {
			isa = XCConfigurationList;
			buildConfigurations = (
				B43E977E2835D5FD00F47ADF /* Debug */,
				B43E977F2835D5FD00F47ADF /* Release */,
			);
			defaultConfigurationIsVisible = 0;
			defaultConfigurationName = Release;
		};
		B43E97802835D5FD00F47ADF /* Build configuration list for PBXNativeTarget "CryptoStar" */ = {
			isa = XCConfigurationList;
			buildConfigurations = (
				B43E97812835D5FD00F47ADF /* Debug */,
				B43E97822835D5FD00F47ADF /* Release */,
			);
			defaultConfigurationIsVisible = 0;
			defaultConfigurationName = Release;
		};
/* End XCConfigurationList section */

/* Begin XCVersionGroup section */
		B43E97752835D5F900F47ADF /* CryptoStar.xcdatamodeld */ = {
			isa = XCVersionGroup;
			children = (
				B43E97762835D5F900F47ADF /* CryptoStar.xcdatamodel */,
			);
			currentVersion = B43E97762835D5F900F47ADF /* CryptoStar.xcdatamodel */;
			path = CryptoStar.xcdatamodeld;
			sourceTree = "<group>";
			versionGroupType = wrapper.xcdatamodel;
		};
/* End XCVersionGroup section */
	};
	rootObject = B43E97612835D5F900F47ADF /* Project object */;
}
